{
  "name": "testcenter-rewrite-app",
  "version": "0.0.0",
  "lockfileVersion": 3,
  "requires": true,
  "packages": {
    "": {
      "name": "testcenter-rewrite-app",
      "version": "0.0.0",
      "workspaces": [
        "apps/*",
        "packages/*"
      ],
      "devDependencies": {
        "@types/node": "^22.15.21",
        "typescript": "^5.8.3"
      }
    },
    "apps/api": {
      "name": "@testcenter-rewrite-app/api",
      "version": "0.0.0",
      "dependencies": {
        "@testcenter-rewrite-app/application": "0.0.0",
        "@testcenter-rewrite-app/contracts": "0.0.0",
        "@testcenter-rewrite-app/domain": "0.0.0"
      }
    },
    "apps/web": {
      "name": "@testcenter-rewrite-app/web",
      "version": "0.0.0",
      "dependencies": {
        "@testcenter-rewrite-app/contracts": "0.0.0",
        "@testcenter-rewrite-app/domain": "0.0.0"
      }
    },
    "node_modules/@testcenter-rewrite-app/api": {
      "resolved": "apps/api",
      "link": true
    },
    "node_modules/@testcenter-rewrite-app/application": {
      "resolved": "packages/application",
      "link": true
    },
    "node_modules/@testcenter-rewrite-app/contracts": {
      "resolved": "packages/contracts",
      "link": true
    },
    "node_modules/@testcenter-rewrite-app/domain": {
      "resolved": "packages/domain",
      "link": true
    },
    "node_modules/@testcenter-rewrite-app/web": {
      "resolved": "apps/web",
      "link": true
    },
    "node_modules/@types/node": {
      "version": "22.19.18",
      "resolved": "https://registry.npmjs.org/@types/node/-/node-22.19.18.tgz",
      "integrity": "sha512-9v00a+dn2yWVsYDEunWC4g/TcRKVq3r8N5FuZp7u0SGrPvdN9c2yXI9bBuf5Fl0hNCb+QTIePTn5pJs2pwBOQQ==",
      "dev": true,
      "license": "MIT",
      "dependencies": {
        "undici-types": "~6.21.0"
      }
    },
    "node_modules/typescript": {
      "version": "5.9.3",
      "resolved": "https://registry.npmjs.org/typescript/-/typescript-5.9.3.tgz",
      "integrity": "sha512-jl1vZzPDinLr9eUt3J/t7V6FgNEw9QjvBPdysz9KfQDD41fQrC2Y4vKQdiaUpFT4bXlb1RHhLpp8wtm6M5TgSw==",
      "dev": true,
      "license": "Apache-2.0",
      "bin": {
        "tsc": "bin/tsc",
        "tsserver": "bin/tsserver"
      },
      "engines": {
        "node": ">=14.17"
      }
    },
    "node_modules/undici-types": {
      "version": "6.21.0",
      "resolved": "https://registry.npmjs.org/undici-types/-/undici-types-6.21.0.tgz",
      "integrity": "sha512-iwDZqg0QAGrg9Rav5H4n0M64c3mkR59cJ6wQp+7C4nI0gsmExaedaYLNO44eT4AtBBwjbTiGPMlt2Md0T9H9JQ==",
      "dev": true,
      "license": "MIT"
    },
    "packages/application": {
      "name": "@testcenter-rewrite-app/application",
      "version": "0.0.0",
      "dependencies": {
        "@testcenter-rewrite-app/domain": "0.0.0"
      }
    },
    "packages/contracts": {
      "name": "@testcenter-rewrite-app/contracts",
      "version": "0.0.0",
      "dependencies": {
        "@testcenter-rewrite-app/domain": "0.0.0"
      }
    },
    "packages/domain": {
      "name": "@testcenter-rewrite-app/domain",
      "version": "0.0.0"
    }
  }
}
